
Microsoft Visual Studio Solution File, Format Version 12.00
# Visual Studio 14
VisualStudioVersion = 14.0.25123.0
MinimumVisualStudioVersion = 10.0.40219.1
Project("{FAE04EC0-301F-11D3-BF4B-00C04F79EFBC}") = "TextChecker", "TextChecker\TextChecker.csproj", "{18681E21-718E-4B64-9B97-8302E9FA771C}"
EndProject
Global
	GlobalSection(SolutionConfigurationPlatforms) = preSolution
		Debug|Any CPU = Debug|Any CPU
		Release|Any CPU = Release|Any CPU
	EndGlobalSection
	GlobalSection(ProjectConfigurationPlatforms) = postSolution
		{18681E21-718E-4B64-9B97-8302E9FA771C}.Debug|Any CPU.ActiveCfg = Debug|Any CPU
		{18681E21-718E-4B64-9B97-8302E9FA771C}.Debug|Any CPU.Build.0 = Debug|Any CPU
		{18681E21-718E-4B64-9B97-8302E9FA771C}.Release|Any CPU.ActiveCfg = Release|Any CPU
		{18681E21-718E-4B64-9B97-8302E9FA771C}.Release|Any CPU.Build.0 = Release|Any CPU
	EndGlobalSection
	GlobalSection(SolutionProperties) = preSolution
		HideSolutionNode = FALSE
	EndGlobalSection
EndGlobal
